// !$*UTF8*$!
{
	archiveVersion = 1;
	classes = {
	};
	objectVersion = 46;
	objects = {

/* Begin PBXBuildFile section */
		FC27D49D1C1AABC400614E51 /* AppDelegate.swift in Sources */ = {isa = PBXBuildFile; fileRef = FC27D49C1C1AABC400614E51 /* AppDelegate.swift */; };
		FC27D49F1C1AABC400614E51 /* ViewController.swift in Sources */ = {isa = PBXBuildFile; fileRef = FC27D49E1C1AABC400614E51 /* ViewController.swift */; };
		FC27D4A21C1AABC400614E51 /* Main.storyboard in Resources */ = {isa = PBXBuildFile; fileRef = FC27D4A01C1AABC400614E51 /* Main.storyboard */; };
		FC27D4A41C1AABC400614E51 /* Assets.xcassets in Resources */ = {isa = PBXBuildFile; fileRef = FC27D4A31C1AABC400614E51 /* Assets.xcassets */; };
		FC27D4A71C1AABC400614E51 /* LaunchScreen.storyboard in Resources */ = {isa = PBXBuildFile; fileRef = FC27D4A51C1AABC400614E51 /* LaunchScreen.storyboard */; };
		FCB645DA1C2409B3007B791C /* CalculatorBrain.swift in Sources */ = {isa = PBXBuildFile; fileRef = FCB645D91C2409B3007B791C /* CalculatorBrain.swift */; };
/* End PBXBuildFile section */

/* Begin PBXFileReference section */
		FC27D4991C1AABC400614E51 /* Calculator.app */ = {isa = PBXFileReference; explicitFileType = wrapper.application; includeInIndex = 0; path = Calculator.app; sourceTree = BUILT_PRODUCTS_DIR; };
		FC27D49C1C1AABC400614E51 /* AppDelegate.swift */ = {isa = PBXFileReference; lastKnownFileType = sourcecode.swift; path = AppDelegate.swift; sourceTree = "<group>"; };
		FC27D49E1C1AABC400614E51 /* ViewController.swift */ = {isa = PBXFileReference; lastKnownFileType = sourcecode.swift; path = ViewController.swift; sourceTree = "<group>"; };
		FC27D4A11C1AABC400614E51 /* Base */ = {isa = PBXFileReference; lastKnownFileType = file.storyboard; name = Base; path = Base.lproj/Main.storyboard; sourceTree = "<group>"; };
		FC27D4A31C1AABC400614E51 /* Assets.xcassets */ = {isa = PBXFileReference; lastKnownFileType = folder.assetcatalog; path = Assets.xcassets; sourceTree = "<group>"; };
		FC27D4A61C1AABC400614E51 /* Base */ = {isa = PBXFileReference; lastKnownFileType = file.storyboard; name = Base; path = Base.lproj/LaunchScreen.storyboard; sourceTree = "<group>"; };
		FC27D4A81C1AABC400614E51 /* Info.plist */ = {isa = PBXFileReference; lastKnownFileType = text.plist.xml; path = Info.plist; sourceTree = "<group>"; };
		FCB645D91C2409B3007B791C /* CalculatorBrain.swift */ = {isa = PBXFileReference; fileEncoding = 4; lastKnownFileType = sourcecode.swift; path = CalculatorBrain.swift; sourceTree = "<group>"; };
/* End PBXFileReference section */

/* Begin PBXFrameworksBuildPhase section */
		FC27D4961C1AABC400614E51 /* Frameworks */ = {
			isa = PBXFrameworksBuildPhase;
			buildActionMask = 2147483647;
			files = (
			);
			runOnlyForDeploymentPostprocessing = 0;
		};
/* End PBXFrameworksBuildPhase section */

/* Begin PBXGroup section */
		FC27D4901C1AABC400614E51 = {
			isa = PBXGroup;
			children = (
				FC27D49B1C1AABC400614E51 /* Calculator */,
				FC27D49A1C1AABC400614E51 /* Products */,
			);
			sourceTree = "<group>";
		};
		FC27D49A1C1AABC400614E51 /* Products */ = {
			isa = PBXGroup;
			children = (
				FC27D4991C1AABC400614E51 /* Calculator.app */,
			);
			name = Products;
			sourceTree = "<group>";
		};
		FC27D49B1C1AABC400614E51 /* Calculator */ = {
			isa = PBXGroup;
			children = (
				FC27D49C1C1AABC400614E51 /* AppDelegate.swift */,
				FC27D49E1C1AABC400614E51 /* ViewController.swift */,
				FC27D4A01C1AABC400614E51 /* Main.storyboard */,
				FCB645D91C2409B3007B791C /* CalculatorBrain.swift */,
				FC27D4A31C1AABC400614E51 /* Assets.xcassets */,
				FC27D4A51C1AABC400614E51 /* LaunchScreen.storyboard */,
				FC27D4A81C1AABC400614E51 /* Info.plist */,
			);
			path = Calculator;
			sourceTree = "<group>";
		};
/* End PBXGroup section */

/* Begin PBXNativeTarget section */
		FC27D4981C1AABC400614E51 /* Calculator */ = {
			isa = PBXNativeTarget;
			buildConfigurationList = FC27D4AB1C1AABC400614E51 /* Build configuration list for PBXNativeTarget "Calculator" */;
			buildPhases = (
				FC27D4951C1AABC400614E51 /* Sources */,
				FC27D4961C1AABC400614E51 /* Frameworks */,
				FC27D4971C1AABC400614E51 /* Resources */,
			);
			buildRules = (
			);
			dependencies = (
			);
			name = Calculator;
			productName = Calculator;
			productReference = FC27D4991C1AABC400614E51 /* Calculator.app */;
			productType = "com.apple.product-type.application";
		};
/* End PBXNativeTarget section */

/* Begin PBXProject section */
		FC27D4911C1AABC400614E51 /* Project object */ = {
			isa = PBXProject;
			attributes = {
				LastSwiftUpdateCheck = 0720;
				LastUpgradeCheck = 0720;
				ORGANIZATIONNAME = "Dylan Walker Brown";
				TargetAttributes = {
					FC27D4981C1AABC400614E51 = {
						CreatedOnToolsVersion = 7.2;
						DevelopmentTeam = N97T7679NZ;
					};
				};
			};
			buildConfigurationList = FC27D4941C1AABC400614E51 /* Build configuration list for PBXProject "Calculator" */;
			compatibilityVersion = "Xcode 3.2";
			developmentRegion = English;
			hasScannedForEncodings = 0;
			knownRegions = (
				en,
				Base,
			);
			mainGroup = FC27D4901C1AABC400614E51;
			productRefGroup = FC27D49A1C1AABC400614E51 /* Products */;
			projectDirPath = "";
			projectRoot = "";
			targets = (
				FC27D4981C1AABC400614E51 /* Calculator */,
			);
		};
/* End PBXProject section */

/* Begin PBXResourcesBuildPhase section */
		FC27D4971C1AABC400614E51 /* Resources */ = {
			isa = PBXResourcesBuildPhase;
			buildActionMask = 2147483647;
			files = (
				FC27D4A71C1AABC400614E51 /* LaunchScreen.storyboard in Resources */,
				FC27D4A41C1AABC400614E51 /* Assets.xcassets in Resources */,
				FC27D4A21C1AABC400614E51 /* Main.storyboard in Resources */,
			);
			runOnlyForDeploymentPostprocessing = 0;
		};
/* End PBXResourcesBuildPhase section */

/* Begin PBXSourcesBuildPhase section */
		FC27D4951C1AABC400614E51 /* Sources */ = {
			isa = PBXSourcesBuildPhase;
			buildActionMask = 2147483647;
			files = (
				FCB645DA1C2409B3007B791C /* CalculatorBrain.swift in Sources */,
				FC27D49F1C1AABC400614E51 /* ViewController.swift in Sources */,
				FC27D49D1C1AABC400614E51 /* AppDelegate.swift in Sources */,
			);
			runOnlyForDeploymentPostprocessing = 0;
		};
/* End PBXSourcesBuildPhase section */

/* Begin PBXVariantGroup section */
		FC27D4A01C1AABC400614E51 /* Main.storyboard */ = {
			isa = PBXVariantGroup;
			children = (
				FC27D4A11C1AABC400614E51 /* Base */,
			);
			name = Main.storyboard;
			sourceTree = "<group>";
		};
		FC27D4A51C1AABC400614E51 /* LaunchScreen.storyboard */ = {
			isa = PBXVariantGroup;
			children = (
				FC27D4A61C1AABC400614E51 /* Base */,
			);
			name = LaunchScreen.storyboard;
			sourceTree = "<group>";
		};
/* End PBXVariantGroup section */

/* Begin XCBuildConfiguration section */
		FC27D4A91C1AABC400614E51 /* Debug */ = {
			isa = XCBuildConfiguration;
			buildSettings = {
				ALWAYS_SEARCH_USER_PATHS = NO;
				CLANG_CXX_LANGUAGE_STANDARD = "gnu++0x";
				CLANG_CXX_LIBRARY = "libc++";
				CLANG_ENABLE_MODULES = YES;
				CLANG_ENABLE_OBJC_ARC = YES;
				CLANG_WARN_BOOL_CONVERSION = YES;
				CLANG_WARN_CONSTANT_CONVERSION = YES;
				CLANG_WARN_DIRECT_OBJC_ISA_USAGE = YES_ERROR;
				CLANG_WARN_EMPTY_BODY = YES;
				CLANG_WARN_ENUM_CONVERSION = YES;
				CLANG_WARN_INT_CONVERSION = YES;
				CLANG_WARN_OBJC_ROOT_CLASS = YES_ERROR;
				CLANG_WARN_UNREACHABLE_CODE = YES;
				CLANG_WARN__DUPLICATE_METHOD_MATCH = YES;
				"CODE_SIGN_IDENTITY[sdk=iphoneos*]" = "iPhone Developer";
				COPY_PHASE_STRIP = NO;
				DEBUG_INFORMATION_FORMAT = dwarf;
				ENABLE_STRICT_OBJC_MSGSEND = YES;
				ENABLE_TESTABILITY = YES;
				GCC_C_LANGUAGE_STANDARD = gnu99;
				GCC_DYNAMIC_NO_PIC = NO;
				GCC_NO_COMMON_BLOCKS = YES;
				GCC_OPTIMIZATION_LEVEL = 0;
				GCC_PREPROCESSOR_DEFINITIONS = (
					"DEBUG=1",
					"$(inherited)",
				);
				GCC_WARN_64_TO_32_BIT_CONVERSION = YES;
				GCC_WARN_ABOUT_RETURN_TYPE = YES_ERROR;
				GCC_WARN_UNDECLARED_SELECTOR = YES;
				GCC_WARN_UNINITIALIZED_AUTOS = YES_AGGRESSIVE;
				GCC_WARN_UNUSED_FUNCTION = YES;
				GCC_WARN_UNUSED_VARIABLE = YES;
				IPHONEOS_DEPLOYMENT_TARGET = 9.2;
				MTL_ENABLE_DEBUG_INFO = YES;
				ONLY_ACTIVE_ARCH = YES;
				SDKROOT = iphoneos;
				SWIFT_OPTIMIZATION_LEVEL = "-Onone";
				TARGETED_DEVICE_FAMILY = "1,2";
			};
			name = Debug;
		};
		FC27D4AA1C1AABC400614E51 /* Release */ = {
			isa = XCBuildConfiguration;
			buildSettings = {
				ALWAYS_SEARCH_USER_PATHS = NO;
				CLANG_CXX_LANGUAGE_STANDARD = "gnu++0x";
				CLANG_CXX_LIBRARY = "libc++";
				CLANG_ENABLE_MODULES = YES;
				CLANG_ENABLE_OBJC_ARC = YES;
				CLANG_WARN_BOOL_CONVERSION = YES;
				CLANG_WARN_CONSTANT_CONVERSION = YES;
				CLANG_WARN_DIRECT_OBJC_ISA_USAGE = YES_ERROR;
				CLANG_WARN_EMPTY_BODY = YES;
				CLANG_WARN_ENUM_CONVERSION = YES;
				CLANG_WARN_INT_CONVERSION = YES;
				CLANG_WARN_OBJC_ROOT_CLASS = YES_ERROR;
				CLANG_WARN_UNREACHABLE_CODE = YES;
				CLANG_WARN__DUPLICATE_METHOD_MATCH = YES;
				"CODE_SIGN_IDENTITY[sdk=iphoneos*]" = "iPhone Developer";
				COPY_PHASE_STRIP = NO;
				DEBUG_INFORMATION_FORMAT = "dwarf-with-dsym";
				ENABLE_NS_ASSERTIONS = NO;
				ENABLE_STRICT_OBJC_MSGSEND = YES;
				GCC_C_LANGUAGE_STANDARD = gnu99;
				GCC_NO_COMMON_BLOCKS = YES;
				GCC_WARN_64_TO_32_BIT_CONVERSION = YES;
				GCC_WARN_ABOUT_RETURN_TYPE = YES_ERROR;
				GCC_WARN_UNDECLARED_SELECTOR = YES;
				GCC_WARN_UNINITIALIZED_AUTOS = YES_AGGRESSIVE;
				GCC_WARN_UNUSED_FUNCTION = YES;
				GCC_WARN_UNUSED_VARIABLE = YES;
				IPHONEOS_DEPLOYMENT_TARGET = 9.2;
				MTL_ENABLE_DEBUG_INFO = NO;
				SDKROOT = iphoneos;
				TARGETED_DEVICE_FAMILY = "1,2";
				VALIDATE_PRODUCT = YES;
			};
			name = Release;
		};
		FC27D4AC1C1AABC400614E51 /* Debug */ = {
			isa = XCBuildConfiguration;
			buildSettings = {
				ASSETCATALOG_COMPILER_APPICON_NAME = AppIcon;
				CODE_SIGN_IDENTITY = "iPhone Developer";
				"CODE_SIGN_IDENTITY[sdk=iphoneos*]" = "iPhone Developer";
				INFOPLIST_FILE = Calculator/Info.plist;
				LD_RUNPATH_SEARCH_PATHS = "$(inherited) @executable_path/Frameworks";
				PRODUCT_BUNDLE_IDENTIFIER = djwbrown.Calculator;
				PRODUCT_NAME = "$(TARGET_NAME)";
				PROVISIONING_PROFILE = "";
				TARGETED_DEVICE_FAMILY = 1;
			};
			name = Debug;
		};
		FC27D4AD1C1AABC400614E51 /* Release */ = {
			isa = XCBuildConfiguration;
			buildSettings = {
				ASSETCATALOG_COMPILER_APPICON_NAME = AppIcon;
				CODE_SIGN_IDENTITY = "iPhone Developer";
				"CODE_SIGN_IDENTITY[sdk=iphoneos*]" = "iPhone Developer";
				INFOPLIST_FILE = Calculator/Info.plist;
				LD_RUNPATH_SEARCH_PATHS = "$(inherited) @executable_path/Frameworks";
				PRODUCT_BUNDLE_IDENTIFIER = djwbrown.Calculator;
				PRODUCT_NAME = "$(TARGET_NAME)";
				PROVISIONING_PROFILE = "";
				TARGETED_DEVICE_FAMILY = 1;
			};
			name = Release;
		};
/* End XCBuildConfiguration section */

/* Begin XCConfigurationList section */
		FC27D4941C1AABC400614E51 /* Build configuration list for PBXProject "Calculator" */ = {
			isa = XCConfigurationList;
			buildConfigurations = (
				FC27D4A91C1AABC400614E51 /* Debug */,
				FC27D4AA1C1AABC400614E51 /* Release */,
			);
			defaultConfigurationIsVisible = 0;
			defaultConfigurationName = Release;
		};
		FC27D4AB1C1AABC400614E51 /* Build configuration list for PBXNativeTarget "Calculator" */ = {
			isa = XCConfigurationList;
			buildConfigurations = (
				FC27D4AC1C1AABC400614E51 /* Debug */,
				FC27D4AD1C1AABC400614E51 /* Release */,
			);
			defaultConfigurationIsVisible = 0;
			defaultConfigurationName = Release;
		};
/* End XCConfigurationList section */
	};
	rootObject = FC27D4911C1AABC400614E51 /* Project object */;
}
